{
  "name": "procm-room-demo-server",
  "lockfileVersion": 3,
  "requires": true,
  "packages": {
    "": {
      "name": "procm-room-demo-server",
      "dependencies": {
        "@procm-mcp/sdk": "file:../../packages/procm-sdk"
      }
    },
    "../../packages/procm-sdk": {
      "name": "@procm-mcp/sdk",
      "version": "0.1.0",
      "license": "MIT",
      "devDependencies": {
        "typescript": "^5.8.3"
      },
      "engines": {
        "node": ">=22"
      }
    },
    "node_modules/@procm-mcp/sdk": {
      "resolved": "../../packages/procm-sdk",
      "link": true
    }
  }
}
